// !$*UTF8*$!
{
	archiveVersion = 1;
	classes = {
	};
	objectVersion = 56;
	objects = {

/* Begin PBXBuildFile section */
		5D5308BD2C4C13AB006CD382 /* Server_Driven_UIApp.swift in Sources */ = {isa = PBXBuildFile; fileRef = 5D5308BC2C4C13AB006CD382 /* Server_Driven_UIApp.swift */; };
		5D5308BF2C4C13AB006CD382 /* ContentView.swift in Sources */ = {isa = PBXBuildFile; fileRef = 5D5308BE2C4C13AB006CD382 /* ContentView.swift */; };
		5D5308C12C4C13AD006CD382 /* Assets.xcassets in Resources */ = {isa = PBXBuildFile; fileRef = 5D5308C02C4C13AD006CD382 /* Assets.xcassets */; };
		5D5308C42C4C13AD006CD382 /* Preview Assets.xcassets in Resources */ = {isa = PBXBuildFile; fileRef = 5D5308C32C4C13AD006CD382 /* Preview Assets.xcassets */; };
		5D5308CE2C4C13AD006CD382 /* Server_Driven_UITests.swift in Sources */ = {isa = PBXBuildFile; fileRef = 5D5308CD2C4C13AD006CD382 /* Server_Driven_UITests.swift */; };
		5D5308D82C4C13AD006CD382 /* Server_Driven_UIUITests.swift in Sources */ = {isa = PBXBuildFile; fileRef = 5D5308D72C4C13AD006CD382 /* Server_Driven_UIUITests.swift */; };
		5D5308DA2C4C13AD006CD382 /* Server_Driven_UIUITestsLaunchTests.swift in Sources */ = {isa = PBXBuildFile; fileRef = 5D5308D92C4C13AD006CD382 /* Server_Driven_UIUITestsLaunchTests.swift */; };
/* End PBXBuildFile section */

/* Begin PBXContainerItemProxy section */
		5D5308CA2C4C13AD006CD382 /* PBXContainerItemProxy */ = {
			isa = PBXContainerItemProxy;
			containerPortal = 5D5308B12C4C13AB006CD382 /* Project object */;
			proxyType = 1;
			remoteGlobalIDString = 5D5308B82C4C13AB006CD382;
			remoteInfo = "Server Driven UI";
		};
		5D5308D42C4C13AD006CD382 /* PBXContainerItemProxy */ = {
			isa = PBXContainerItemProxy;
			containerPortal = 5D5308B12C4C13AB006CD382 /* Project object */;
			proxyType = 1;
			remoteGlobalIDString = 5D5308B82C4C13AB006CD382;
			remoteInfo = "Server Driven UI";
		};
/* End PBXContainerItemProxy section */

/* Begin PBXFileReference section */
		5D5308B92C4C13AB006CD382 /* Server Driven UI.app */ = {isa = PBXFileReference; explicitFileType = wrapper.application; includeInIndex = 0; path = "Server Driven UI.app"; sourceTree = BUILT_PRODUCTS_DIR; };
		5D5308BC2C4C13AB006CD382 /* Server_Driven_UIApp.swift */ = {isa = PBXFileReference; lastKnownFileType = sourcecode.swift; path = Server_Driven_UIApp.swift; sourceTree = "<group>"; };
		5D5308BE2C4C13AB006CD382 /* ContentView.swift */ = {isa = PBXFileReference; lastKnownFileType = sourcecode.swift; path = ContentView.swift; sourceTree = "<group>"; };
		5D5308C02C4C13AD006CD382 /* Assets.xcassets */ = {isa = PBXFileReference; lastKnownFileType = folder.assetcatalog; path = Assets.xcassets; sourceTree = "<group>"; };
		5D5308C32C4C13AD006CD382 /* Preview Assets.xcassets */ = {isa = PBXFileReference; lastKnownFileType = folder.assetcatalog; path = "Preview Assets.xcassets"; sourceTree = "<group>"; };
		5D5308C92C4C13AD006CD382 /* Server Driven UITests.xctest */ = {isa = PBXFileReference; explicitFileType = wrapper.cfbundle; includeInIndex = 0; path = "Server Driven UITests.xctest"; sourceTree = BUILT_PRODUCTS_DIR; };
		5D5308CD2C4C13AD006CD382 /* Server_Driven_UITests.swift */ = {isa = PBXFileReference; lastKnownFileType = sourcecode.swift; path = Server_Driven_UITests.swift; sourceTree = "<group>"; };
		5D5308D32C4C13AD006CD382 /* Server Driven UIUITests.xctest */ = {isa = PBXFileReference; explicitFileType = wrapper.cfbundle; includeInIndex = 0; path = "Server Driven UIUITests.xctest"; sourceTree = BUILT_PRODUCTS_DIR; };
		5D5308D72C4C13AD006CD382 /* Server_Driven_UIUITests.swift */ = {isa = PBXFileReference; lastKnownFileType = sourcecode.swift; path = Server_Driven_UIUITests.swift; sourceTree = "<group>"; };
		5D5308D92C4C13AD006CD382 /* Server_Driven_UIUITestsLaunchTests.swift */ = {isa = PBXFileReference; lastKnownFileType = sourcecode.swift; path = Server_Driven_UIUITestsLaunchTests.swift; sourceTree = "<group>"; };
		5D5308E62C4C15E6006CD382 /* Server-Driven-UI-Info.plist */ = {isa = PBXFileReference; lastKnownFileType = text.plist; path = "Server-Driven-UI-Info.plist"; sourceTree = SOURCE_ROOT; };
/* End PBXFileReference section */

/* Begin PBXFrameworksBuildPhase section */
		5D5308B62C4C13AB006CD382 /* Frameworks */ = {
			isa = PBXFrameworksBuildPhase;
			buildActionMask = 2147483647;
			files = (
			);
			runOnlyForDeploymentPostprocessing = 0;
		};
		5D5308C62C4C13AD006CD382 /* Frameworks */ = {
			isa = PBXFrameworksBuildPhase;
			buildActionMask = 2147483647;
			files = (
			);
			runOnlyForDeploymentPostprocessing = 0;
		};
		5D5308D02C4C13AD006CD382 /* Frameworks */ = {
			isa = PBXFrameworksBuildPhase;
			buildActionMask = 2147483647;
			files = (
			);
			runOnlyForDeploymentPostprocessing = 0;
		};
/* End PBXFrameworksBuildPhase section */

/* Begin PBXGroup section */
		5D5308B02C4C13AB006CD382 = {
			isa = PBXGroup;
			children = (
				5D5308BB2C4C13AB006CD382 /* Server Driven UI */,
				5D5308CC2C4C13AD006CD382 /* Server Driven UITests */,
				5D5308D62C4C13AD006CD382 /* Server Driven UIUITests */,
				5D5308BA2C4C13AB006CD382 /* Products */,
			);
			sourceTree = "<group>";
		};
		5D5308BA2C4C13AB006CD382 /* Products */ = {
			isa = PBXGroup;
			children = (
				5D5308B92C4C13AB006CD382 /* Server Driven UI.app */,
				5D5308C92C4C13AD006CD382 /* Server Driven UITests.xctest */,
				5D5308D32C4C13AD006CD382 /* Server Driven UIUITests.xctest */,
			);
			name = Products;
			sourceTree = "<group>";
		};
		5D5308BB2C4C13AB006CD382 /* Server Driven UI */ = {
			isa = PBXGroup;
			children = (
				5D5308E62C4C15E6006CD382 /* Server-Driven-UI-Info.plist */,
				5D5308BC2C4C13AB006CD382 /* Server_Driven_UIApp.swift */,
				5D5308BE2C4C13AB006CD382 /* ContentView.swift */,
				5D5308C02C4C13AD006CD382 /* Assets.xcassets */,
				5D5308C22C4C13AD006CD382 /* Preview Content */,
			);
			path = "Server Driven UI";
			sourceTree = "<group>";
		};
		5D5308C22C4C13AD006CD382 /* Preview Content */ = {
			isa = PBXGroup;
			children = (
				5D5308C32C4C13AD006CD382 /* Preview Assets.xcassets */,
			);
			path = "Preview Content";
			sourceTree = "<group>";
		};
		5D5308CC2C4C13AD006CD382 /* Server Driven UITests */ = {
			isa = PBXGroup;
			children = (
				5D5308CD2C4C13AD006CD382 /* Server_Driven_UITests.swift */,
			);
			path = "Server Driven UITests";
			sourceTree = "<group>";
		};
		5D5308D62C4C13AD006CD382 /* Server Driven UIUITests */ = {
			isa = PBXGroup;
			children = (
				5D5308D72C4C13AD006CD382 /* Server_Driven_UIUITests.swift */,
				5D5308D92C4C13AD006CD382 /* Server_Driven_UIUITestsLaunchTests.swift */,
			);
			path = "Server Driven UIUITests";
			sourceTree = "<group>";
		};
/* End PBXGroup section */

/* Begin PBXNativeTarget section */
		5D5308B82C4C13AB006CD382 /* Server Driven UI */ = {
			isa = PBXNativeTarget;
			buildConfigurationList = 5D5308DD2C4C13AD006CD382 /* Build configuration list for PBXNativeTarget "Server Driven UI" */;
			buildPhases = (
				5D5308B52C4C13AB006CD382 /* Sources */,
				5D5308B62C4C13AB006CD382 /* Frameworks */,
				5D5308B72C4C13AB006CD382 /* Resources */,
			);
			buildRules = (
			);
			dependencies = (
			);
			name = "Server Driven UI";
			productName = "Server Driven UI";
			productReference = 5D5308B92C4C13AB006CD382 /* Server Driven UI.app */;
			productType = "com.apple.product-type.application";
		};
		5D5308C82C4C13AD006CD382 /* Server Driven UITests */ = {
			isa = PBXNativeTarget;
			buildConfigurationList = 5D5308E02C4C13AD006CD382 /* Build configuration list for PBXNativeTarget "Server Driven UITests" */;
			buildPhases = (
				5D5308C52C4C13AD006CD382 /* Sources */,
				5D5308C62C4C13AD006CD382 /* Frameworks */,
				5D5308C72C4C13AD006CD382 /* Resources */,
			);
			buildRules = (
			);
			dependencies = (
				5D5308CB2C4C13AD006CD382 /* PBXTargetDependency */,
			);
			name = "Server Driven UITests";
			productName = "Server Driven UITests";
			productReference = 5D5308C92C4C13AD006CD382 /* Server Driven UITests.xctest */;
			productType = "com.apple.product-type.bundle.unit-test";
		};
		5D5308D22C4C13AD006CD382 /* Server Driven UIUITests */ = {
			isa = PBXNativeTarget;
			buildConfigurationList = 5D5308E32C4C13AD006CD382 /* Build configuration list for PBXNativeTarget "Server Driven UIUITests" */;
			buildPhases = (
				5D5308CF2C4C13AD006CD382 /* Sources */,
				5D5308D02C4C13AD006CD382 /* Frameworks */,
				5D5308D12C4C13AD006CD382 /* Resources */,
			);
			buildRules = (
			);
			dependencies = (
				5D5308D52C4C13AD006CD382 /* PBXTargetDependency */,
			);
			name = "Server Driven UIUITests";
			productName = "Server Driven UIUITests";
			productReference = 5D5308D32C4C13AD006CD382 /* Server Driven UIUITests.xctest */;
			productType = "com.apple.product-type.bundle.ui-testing";
		};
/* End PBXNativeTarget section */

/* Begin PBXProject section */
		5D5308B12C4C13AB006CD382 /* Project object */ = {
			isa = PBXProject;
			attributes = {
				BuildIndependentTargetsInParallel = 1;
				LastSwiftUpdateCheck = 1540;
				LastUpgradeCheck = 1540;
				TargetAttributes = {
					5D5308B82C4C13AB006CD382 = {
						CreatedOnToolsVersion = 15.4;
					};
					5D5308C82C4C13AD006CD382 = {
						CreatedOnToolsVersion = 15.4;
						TestTargetID = 5D5308B82C4C13AB006CD382;
					};
					5D5308D22C4C13AD006CD382 = {
						CreatedOnToolsVersion = 15.4;
						TestTargetID = 5D5308B82C4C13AB006CD382;
					};
				};
			};
			buildConfigurationList = 5D5308B42C4C13AB006CD382 /* Build configuration list for PBXProject "Server Driven UI" */;
			compatibilityVersion = "Xcode 14.0";
			developmentRegion = en;
			hasScannedForEncodings = 0;
			knownRegions = (
				en,
				Base,
			);
			mainGroup = 5D5308B02C4C13AB006CD382;
			productRefGroup = 5D5308BA2C4C13AB006CD382 /* Products */;
			projectDirPath = "";
			projectRoot = "";
			targets = (
				5D5308B82C4C13AB006CD382 /* Server Driven UI */,
				5D5308C82C4C13AD006CD382 /* Server Driven UITests */,
				5D5308D22C4C13AD006CD382 /* Server Driven UIUITests */,
			);
		};
/* End PBXProject section */

/* Begin PBXResourcesBuildPhase section */
		5D5308B72C4C13AB006CD382 /* Resources */ = {
			isa = PBXResourcesBuildPhase;
			buildActionMask = 2147483647;
			files = (
				5D5308C42C4C13AD006CD382 /* Preview Assets.xcassets in Resources */,
				5D5308C12C4C13AD006CD382 /* Assets.xcassets in Resources */,
			);
			runOnlyForDeploymentPostprocessing = 0;
		};
		5D5308C72C4C13AD006CD382 /* Resources */ = {
			isa = PBXResourcesBuildPhase;
			buildActionMask = 2147483647;
			files = (
			);
			runOnlyForDeploymentPostprocessing = 0;
		};
		5D5308D12C4C13AD006CD382 /* Resources */ = {
			isa = PBXResourcesBuildPhase;
			buildActionMask = 2147483647;
			files = (
			);
			runOnlyForDeploymentPostprocessing = 0;
		};
/* End PBXResourcesBuildPhase section */

/* Begin PBXSourcesBuildPhase section */
		5D5308B52C4C13AB006CD382 /* Sources */ = {
			isa = PBXSourcesBuildPhase;
			buildActionMask = 2147483647;
			files = (
				5D5308BF2C4C13AB006CD382 /* ContentView.swift in Sources */,
				5D5308BD2C4C13AB006CD382 /* Server_Driven_UIApp.swift in Sources */,
			);
			runOnlyForDeploymentPostprocessing = 0;
		};
		5D5308C52C4C13AD006CD382 /* Sources */ = {
			isa = PBXSourcesBuildPhase;
			buildActionMask = 2147483647;
			files = (
				5D5308CE2C4C13AD006CD382 /* Server_Driven_UITests.swift in Sources */,
			);
			runOnlyForDeploymentPostprocessing = 0;
		};
		5D5308CF2C4C13AD006CD382 /* Sources */ = {
			isa = PBXSourcesBuildPhase;
			buildActionMask = 2147483647;
			files = (
				5D5308D82C4C13AD006CD382 /* Server_Driven_UIUITests.swift in Sources */,
				5D5308DA2C4C13AD006CD382 /* Server_Driven_UIUITestsLaunchTests.swift in Sources */,
			);
			runOnlyForDeploymentPostprocessing = 0;
		};
/* End PBXSourcesBuildPhase section */

/* Begin PBXTargetDependency section */
		5D5308CB2C4C13AD006CD382 /* PBXTargetDependency */ = {
			isa = PBXTargetDependency;
			target = 5D5308B82C4C13AB006CD382 /* Server Driven UI */;
			targetProxy = 5D5308CA2C4C13AD006CD382 /* PBXContainerItemProxy */;
		};
		5D5308D52C4C13AD006CD382 /* PBXTargetDependency */ = {
			isa = PBXTargetDependency;
			target = 5D5308B82C4C13AB006CD382 /* Server Driven UI */;
			targetProxy = 5D5308D42C4C13AD006CD382 /* PBXContainerItemProxy */;
		};
/* End PBXTargetDependency section */

/* Begin XCBuildConfiguration section */
		5D5308DB2C4C13AD006CD382 /* Debug */ = {
			isa = XCBuildConfiguration;
			buildSettings = {
				ALWAYS_SEARCH_USER_PATHS = NO;
				ASSETCATALOG_COMPILER_GENERATE_SWIFT_ASSET_SYMBOL_EXTENSIONS = YES;
				CLANG_ANALYZER_NONNULL = YES;
				CLANG_ANALYZER_NUMBER_OBJECT_CONVERSION = YES_AGGRESSIVE;
				CLANG_CXX_LANGUAGE_STANDARD = "gnu++20";
				CLANG_ENABLE_MODULES = YES;
				CLANG_ENABLE_OBJC_ARC = YES;
				CLANG_ENABLE_OBJC_WEAK = YES;
				CLANG_WARN_BLOCK_CAPTURE_AUTORELEASING = YES;
				CLANG_WARN_BOOL_CONVERSION = YES;
				CLANG_WARN_COMMA = YES;
				CLANG_WARN_CONSTANT_CONVERSION = YES;
				CLANG_WARN_DEPRECATED_OBJC_IMPLEMENTATIONS = YES;
				CLANG_WARN_DIRECT_OBJC_ISA_USAGE = YES_ERROR;
				CLANG_WARN_DOCUMENTATION_COMMENTS = YES;
				CLANG_WARN_EMPTY_BODY = YES;
				CLANG_WARN_ENUM_CONVERSION = YES;
				CLANG_WARN_INFINITE_RECURSION = YES;
				CLANG_WARN_INT_CONVERSION = YES;
				CLANG_WARN_NON_LITERAL_NULL_CONVERSION = YES;
				CLANG_WARN_OBJC_IMPLICIT_RETAIN_SELF = YES;
				CLANG_WARN_OBJC_LITERAL_CONVERSION = YES;
				CLANG_WARN_OBJC_ROOT_CLASS = YES_ERROR;
				CLANG_WARN_QUOTED_INCLUDE_IN_FRAMEWORK_HEADER = YES;
				CLANG_WARN_RANGE_LOOP_ANALYSIS = YES;
				CLANG_WARN_STRICT_PROTOTYPES = YES;
				CLANG_WARN_SUSPICIOUS_MOVE = YES;
				CLANG_WARN_UNGUARDED_AVAILABILITY = YES_AGGRESSIVE;
				CLANG_WARN_UNREACHABLE_CODE = YES;
				CLANG_WARN__DUPLICATE_METHOD_MATCH = YES;
				COPY_PHASE_STRIP = NO;
				DEBUG_INFORMATION_FORMAT = dwarf;
				ENABLE_STRICT_OBJC_MSGSEND = YES;
				ENABLE_TESTABILITY = YES;
				ENABLE_USER_SCRIPT_SANDBOXING = YES;
				GCC_C_LANGUAGE_STANDARD = gnu17;
				GCC_DYNAMIC_NO_PIC = NO;
				GCC_NO_COMMON_BLOCKS = YES;
				GCC_OPTIMIZATION_LEVEL = 0;
				GCC_PREPROCESSOR_DEFINITIONS = (
					"DEBUG=1",
					"$(inherited)",
				);
				GCC_WARN_64_TO_32_BIT_CONVERSION = YES;
				GCC_WARN_ABOUT_RETURN_TYPE = YES_ERROR;
				GCC_WARN_UNDECLARED_SELECTOR = YES;
				GCC_WARN_UNINITIALIZED_AUTOS = YES_AGGRESSIVE;
				GCC_WARN_UNUSED_FUNCTION = YES;
				GCC_WARN_UNUSED_VARIABLE = YES;
				IPHONEOS_DEPLOYMENT_TARGET = 17.5;
				LOCALIZATION_PREFERS_STRING_CATALOGS = YES;
				MTL_ENABLE_DEBUG_INFO = INCLUDE_SOURCE;
				MTL_FAST_MATH = YES;
				ONLY_ACTIVE_ARCH = YES;
				SDKROOT = iphoneos;
				SWIFT_ACTIVE_COMPILATION_CONDITIONS = "DEBUG $(inherited)";
				SWIFT_OPTIMIZATION_LEVEL = "-Onone";
			};
			name = Debug;
		};
		5D5308DC2C4C13AD006CD382 /* Release */ = {
			isa = XCBuildConfiguration;
			buildSettings = {
				ALWAYS_SEARCH_USER_PATHS = NO;
				ASSETCATALOG_COMPILER_GENERATE_SWIFT_ASSET_SYMBOL_EXTENSIONS = YES;
				CLANG_ANALYZER_NONNULL = YES;
				CLANG_ANALYZER_NUMBER_OBJECT_CONVERSION = YES_AGGRESSIVE;
				CLANG_CXX_LANGUAGE_STANDARD = "gnu++20";
				CLANG_ENABLE_MODULES = YES;
				CLANG_ENABLE_OBJC_ARC = YES;
				CLANG_ENABLE_OBJC_WEAK = YES;
				CLANG_WARN_BLOCK_CAPTURE_AUTORELEASING = YES;
				CLANG_WARN_BOOL_CONVERSION = YES;
				CLANG_WARN_COMMA = YES;
				CLANG_WARN_CONSTANT_CONVERSION = YES;
				CLANG_WARN_DEPRECATED_OBJC_IMPLEMENTATIONS = YES;
				CLANG_WARN_DIRECT_OBJC_ISA_USAGE = YES_ERROR;
				CLANG_WARN_DOCUMENTATION_COMMENTS = YES;
				CLANG_WARN_EMPTY_BODY = YES;
				CLANG_WARN_ENUM_CONVERSION = YES;
				CLANG_WARN_INFINITE_RECURSION = YES;
				CLANG_WARN_INT_CONVERSION = YES;
				CLANG_WARN_NON_LITERAL_NULL_CONVERSION = YES;
				CLANG_WARN_OBJC_IMPLICIT_RETAIN_SELF = YES;
				CLANG_WARN_OBJC_LITERAL_CONVERSION = YES;
				CLANG_WARN_OBJC_ROOT_CLASS = YES_ERROR;
				CLANG_WARN_QUOTED_INCLUDE_IN_FRAMEWORK_HEADER = YES;
				CLANG_WARN_RANGE_LOOP_ANALYSIS = YES;
				CLANG_WARN_STRICT_PROTOTYPES = YES;
				CLANG_WARN_SUSPICIOUS_MOVE = YES;
				CLANG_WARN_UNGUARDED_AVAILABILITY = YES_AGGRESSIVE;
				CLANG_WARN_UNREACHABLE_CODE = YES;
				CLANG_WARN__DUPLICATE_METHOD_MATCH = YES;
				COPY_PHASE_STRIP = NO;
				DEBUG_INFORMATION_FORMAT = "dwarf-with-dsym";
				ENABLE_NS_ASSERTIONS = NO;
				ENABLE_STRICT_OBJC_MSGSEND = YES;
				ENABLE_USER_SCRIPT_SANDBOXING = YES;
				GCC_C_LANGUAGE_STANDARD = gnu17;
				GCC_NO_COMMON_BLOCKS = YES;
				GCC_WARN_64_TO_32_BIT_CONVERSION = YES;
				GCC_WARN_ABOUT_RETURN_TYPE = YES_ERROR;
				GCC_WARN_UNDECLARED_SELECTOR = YES;
				GCC_WARN_UNINITIALIZED_AUTOS = YES_AGGRESSIVE;
				GCC_WARN_UNUSED_FUNCTION = YES;
				GCC_WARN_UNUSED_VARIABLE = YES;
				IPHONEOS_DEPLOYMENT_TARGET = 17.5;
				LOCALIZATION_PREFERS_STRING_CATALOGS = YES;
				MTL_ENABLE_DEBUG_INFO = NO;
				MTL_FAST_MATH = YES;
				SDKROOT = iphoneos;
				SWIFT_COMPILATION_MODE = wholemodule;
				VALIDATE_PRODUCT = YES;
			};
			name = Release;
		};
		5D5308DE2C4C13AD006CD382 /* Debug */ = {
			isa = XCBuildConfiguration;
			buildSettings = {
				ASSETCATALOG_COMPILER_APPICON_NAME = AppIcon;
				ASSETCATALOG_COMPILER_GLOBAL_ACCENT_COLOR_NAME = AccentColor;
				CODE_SIGN_STYLE = Automatic;
				CURRENT_PROJECT_VERSION = 1;
				DEVELOPMENT_ASSET_PATHS = "\"Server Driven UI/Preview Content\"";
				DEVELOPMENT_TEAM = 274V7YW5R7;
				ENABLE_PREVIEWS = YES;
				GENERATE_INFOPLIST_FILE = YES;
				INFOPLIST_FILE = "Server-Driven-UI-Info.plist";
				INFOPLIST_KEY_UIApplicationSceneManifest_Generation = YES;
				INFOPLIST_KEY_UIApplicationSupportsIndirectInputEvents = YES;
				INFOPLIST_KEY_UILaunchScreen_Generation = YES;
				INFOPLIST_KEY_UISupportedInterfaceOrientations_iPad = "UIInterfaceOrientationPortrait UIInterfaceOrientationPortraitUpsideDown UIInterfaceOrientationLandscapeLeft UIInterfaceOrientationLandscapeRight";
				INFOPLIST_KEY_UISupportedInterfaceOrientations_iPhone = "UIInterfaceOrientationPortrait UIInterfaceOrientationLandscapeLeft UIInterfaceOrientationLandscapeRight";
				LD_RUNPATH_SEARCH_PATHS = (
					"$(inherited)",
					"@executable_path/Frameworks",
				);
				MARKETING_VERSION = 1.0;
				PRODUCT_BUNDLE_IDENTIFIER = "com.narayan.Server-Driven-UI";
				PRODUCT_NAME = "$(TARGET_NAME)";
				SWIFT_EMIT_LOC_STRINGS = YES;
				SWIFT_VERSION = 5.0;
				TARGETED_DEVICE_FAMILY = "1,2";
			};
			name = Debug;
		};
		5D5308DF2C4C13AD006CD382 /* Release */ = {
			isa = XCBuildConfiguration;
			buildSettings = {
				ASSETCATALOG_COMPILER_APPICON_NAME = AppIcon;
				ASSETCATALOG_COMPILER_GLOBAL_ACCENT_COLOR_NAME = AccentColor;
				CODE_SIGN_STYLE = Automatic;
				CURRENT_PROJECT_VERSION = 1;
				DEVELOPMENT_ASSET_PATHS = "\"Server Driven UI/Preview Content\"";
				DEVELOPMENT_TEAM = 274V7YW5R7;
				ENABLE_PREVIEWS = YES;
				GENERATE_INFOPLIST_FILE = YES;
				INFOPLIST_FILE = "Server-Driven-UI-Info.plist";
				INFOPLIST_KEY_UIApplicationSceneManifest_Generation = YES;
				INFOPLIST_KEY_UIApplicationSupportsIndirectInputEvents = YES;
				INFOPLIST_KEY_UILaunchScreen_Generation = YES;
				INFOPLIST_KEY_UISupportedInterfaceOrientations_iPad = "UIInterfaceOrientationPortrait UIInterfaceOrientationPortraitUpsideDown UIInterfaceOrientationLandscapeLeft UIInterfaceOrientationLandscapeRight";
				INFOPLIST_KEY_UISupportedInterfaceOrientations_iPhone = "UIInterfaceOrientationPortrait UIInterfaceOrientationLandscapeLeft UIInterfaceOrientationLandscapeRight";
				LD_RUNPATH_SEARCH_PATHS = (
					"$(inherited)",
					"@executable_path/Frameworks",
				);
				MARKETING_VERSION = 1.0;
				PRODUCT_BUNDLE_IDENTIFIER = "com.narayan.Server-Driven-UI";
				PRODUCT_NAME = "$(TARGET_NAME)";
				SWIFT_EMIT_LOC_STRINGS = YES;
				SWIFT_VERSION = 5.0;
				TARGETED_DEVICE_FAMILY = "1,2";
			};
			name = Release;
		};
		5D5308E12C4C13AD006CD382 /* Debug */ = {
			isa = XCBuildConfiguration;
			buildSettings = {
				ALWAYS_EMBED_SWIFT_STANDARD_LIBRARIES = YES;
				BUNDLE_LOADER = "$(TEST_HOST)";
				CODE_SIGN_STYLE = Automatic;
				CURRENT_PROJECT_VERSION = 1;
				DEVELOPMENT_TEAM = 274V7YW5R7;
				GENERATE_INFOPLIST_FILE = YES;
				IPHONEOS_DEPLOYMENT_TARGET = 17.5;
				MARKETING_VERSION = 1.0;
				PRODUCT_BUNDLE_IDENTIFIER = "com.narayan.Server-Driven-UITests";
				PRODUCT_NAME = "$(TARGET_NAME)";
				SWIFT_EMIT_LOC_STRINGS = NO;
				SWIFT_VERSION = 5.0;
				TARGETED_DEVICE_FAMILY = "1,2";
				TEST_HOST = "$(BUILT_PRODUCTS_DIR)/Server Driven UI.app/$(BUNDLE_EXECUTABLE_FOLDER_PATH)/Server Driven UI";
			};
			name = Debug;
		};
		5D5308E22C4C13AD006CD382 /* Release */ = {
			isa = XCBuildConfiguration;
			buildSettings = {
				ALWAYS_EMBED_SWIFT_STANDARD_LIBRARIES = YES;
				BUNDLE_LOADER = "$(TEST_HOST)";
				CODE_SIGN_STYLE = Automatic;
				CURRENT_PROJECT_VERSION = 1;
				DEVELOPMENT_TEAM = 274V7YW5R7;
				GENERATE_INFOPLIST_FILE = YES;
				IPHONEOS_DEPLOYMENT_TARGET = 17.5;
				MARKETING_VERSION = 1.0;
				PRODUCT_BUNDLE_IDENTIFIER = "com.narayan.Server-Driven-UITests";
				PRODUCT_NAME = "$(TARGET_NAME)";
				SWIFT_EMIT_LOC_STRINGS = NO;
				SWIFT_VERSION = 5.0;
				TARGETED_DEVICE_FAMILY = "1,2";
				TEST_HOST = "$(BUILT_PRODUCTS_DIR)/Server Driven UI.app/$(BUNDLE_EXECUTABLE_FOLDER_PATH)/Server Driven UI";
			};
			name = Release;
		};
		5D5308E42C4C13AD006CD382 /* Debug */ = {
			isa = XCBuildConfiguration;
			buildSettings = {
				ALWAYS_EMBED_SWIFT_STANDARD_LIBRARIES = YES;
				CODE_SIGN_STYLE = Automatic;
				CURRENT_PROJECT_VERSION = 1;
				DEVELOPMENT_TEAM = 274V7YW5R7;
				GENERATE_INFOPLIST_FILE = YES;
				MARKETING_VERSION = 1.0;
				PRODUCT_BUNDLE_IDENTIFIER = "com.narayan.Server-Driven-UIUITests";
				PRODUCT_NAME = "$(TARGET_NAME)";
				SWIFT_EMIT_LOC_STRINGS = NO;
				SWIFT_VERSION = 5.0;
				TARGETED_DEVICE_FAMILY = "1,2";
				TEST_TARGET_NAME = "Server Driven UI";
			};
			name = Debug;
		};
		5D5308E52C4C13AD006CD382 /* Release */ = {
			isa = XCBuildConfiguration;
			buildSettings = {
				ALWAYS_EMBED_SWIFT_STANDARD_LIBRARIES = YES;
				CODE_SIGN_STYLE = Automatic;
				CURRENT_PROJECT_VERSION = 1;
				DEVELOPMENT_TEAM = 274V7YW5R7;
				GENERATE_INFOPLIST_FILE = YES;
				MARKETING_VERSION = 1.0;
				PRODUCT_BUNDLE_IDENTIFIER = "com.narayan.Server-Driven-UIUITests";
				PRODUCT_NAME = "$(TARGET_NAME)";
				SWIFT_EMIT_LOC_STRINGS = NO;
				SWIFT_VERSION = 5.0;
				TARGETED_DEVICE_FAMILY = "1,2";
				TEST_TARGET_NAME = "Server Driven UI";
			};
			name = Release;
		};
/* End XCBuildConfiguration section */

/* Begin XCConfigurationList section */
		5D5308B42C4C13AB006CD382 /* Build configuration list for PBXProject "Server Driven UI" */ = {
			isa = XCConfigurationList;
			buildConfigurations = (
				5D5308DB2C4C13AD006CD382 /* Debug */,
				5D5308DC2C4C13AD006CD382 /* Release */,
			);
			defaultConfigurationIsVisible = 0;
			defaultConfigurationName = Release;
		};
		5D5308DD2C4C13AD006CD382 /* Build configuration list for PBXNativeTarget "Server Driven UI" */ = {
			isa = XCConfigurationList;
			buildConfigurations = (
				5D5308DE2C4C13AD006CD382 /* Debug */,
				5D5308DF2C4C13AD006CD382 /* Release */,
			);
			defaultConfigurationIsVisible = 0;
			defaultConfigurationName = Release;
		};
		5D5308E02C4C13AD006CD382 /* Build configuration list for PBXNativeTarget "Server Driven UITests" */ = {
			isa = XCConfigurationList;
			buildConfigurations = (
				5D5308E12C4C13AD006CD382 /* Debug */,
				5D5308E22C4C13AD006CD382 /* Release */,
			);
			defaultConfigurationIsVisible = 0;
			defaultConfigurationName = Release;
		};
		5D5308E32C4C13AD006CD382 /* Build configuration list for PBXNativeTarget "Server Driven UIUITests" */ = {
			isa = XCConfigurationList;
			buildConfigurations = (
				5D5308E42C4C13AD006CD382 /* Debug */,
				5D5308E52C4C13AD006CD382 /* Release */,
			);
			defaultConfigurationIsVisible = 0;
			defaultConfigurationName = Release;
		};
/* End XCConfigurationList section */
	};
	rootObject = 5D5308B12C4C13AB006CD382 /* Project object */;
}
